
Microsoft Visual Studio Solution File, Format Version 12.00
# Visual Studio Version 17
VisualStudioVersion = 17.8.34309.116
MinimumVisualStudioVersion = 10.0.40219.1
Project("{9A19103F-16F7-4668-BE54-9A1E7A4F7556}") = "SofasisERP.Blazor.Server", "SofasisERP.Blazor.Server\SofasisERP.Blazor.Server.csproj", "{185993B9-6E79-4517-BE95-BC905368BF06}"
EndProject
Project("{9A19103F-16F7-4668-BE54-9A1E7A4F7556}") = "SofasisERP.Module", "SofasisERP.Module\SofasisERP.Module.csproj", "{82456A76-FC51-4A2D-BA2A-BD89B3F01AFF}"
EndProject
Project("{FAE04EC0-301F-11D3-BF4B-00C04F79EFBC}") = "SofasisERP.Module.Tests", "SofasisERP.Module.Tests\SofasisERP.Module.Tests.csproj", "{EC3B9A9B-9A5B-4F4C-85B5-8D83E57F0501}"
EndProject
Global
	GlobalSection(SolutionConfigurationPlatforms) = preSolution
		Debug|Any CPU = Debug|Any CPU
		Debug|x64 = Debug|x64
		Debug|x86 = Debug|x86
		EasyTest|Any CPU = EasyTest|Any CPU
		EasyTest|x64 = EasyTest|x64
		EasyTest|x86 = EasyTest|x86
		Release|Any CPU = Release|Any CPU
		Release|x64 = Release|x64
		Release|x86 = Release|x86
	EndGlobalSection
	GlobalSection(ProjectConfigurationPlatforms) = postSolution
		{185993B9-6E79-4517-BE95-BC905368BF06}.Debug|Any CPU.ActiveCfg = Debug|Any CPU
		{185993B9-6E79-4517-BE95-BC905368BF06}.Debug|Any CPU.Build.0 = Debug|Any CPU
		{185993B9-6E79-4517-BE95-BC905368BF06}.Debug|x64.ActiveCfg = Debug|Any CPU
		{185993B9-6E79-4517-BE95-BC905368BF06}.Debug|x64.Build.0 = Debug|Any CPU
		{185993B9-6E79-4517-BE95-BC905368BF06}.Debug|x86.ActiveCfg = Debug|Any CPU
		{185993B9-6E79-4517-BE95-BC905368BF06}.Debug|x86.Build.0 = Debug|Any CPU
		{185993B9-6E79-4517-BE95-BC905368BF06}.EasyTest|Any CPU.ActiveCfg = EasyTest|Any CPU
		{185993B9-6E79-4517-BE95-BC905368BF06}.EasyTest|Any CPU.Build.0 = EasyTest|Any CPU
		{185993B9-6E79-4517-BE95-BC905368BF06}.EasyTest|x64.ActiveCfg = EasyTest|Any CPU
		{185993B9-6E79-4517-BE95-BC905368BF06}.EasyTest|x64.Build.0 = EasyTest|Any CPU
		{185993B9-6E79-4517-BE95-BC905368BF06}.EasyTest|x86.ActiveCfg = EasyTest|Any CPU
		{185993B9-6E79-4517-BE95-BC905368BF06}.EasyTest|x86.Build.0 = EasyTest|Any CPU
		{185993B9-6E79-4517-BE95-BC905368BF06}.Release|Any CPU.ActiveCfg = Release|Any CPU
		{185993B9-6E79-4517-BE95-BC905368BF06}.Release|Any CPU.Build.0 = Release|Any CPU
		{185993B9-6E79-4517-BE95-BC905368BF06}.Release|x64.ActiveCfg = Release|Any CPU
		{185993B9-6E79-4517-BE95-BC905368BF06}.Release|x64.Build.0 = Release|Any CPU
		{185993B9-6E79-4517-BE95-BC905368BF06}.Release|x86.ActiveCfg = Release|Any CPU
		{185993B9-6E79-4517-BE95-BC905368BF06}.Release|x86.Build.0 = Release|Any CPU
		{82456A76-FC51-4A2D-BA2A-BD89B3F01AFF}.Debug|Any CPU.ActiveCfg = Debug|Any CPU
		{82456A76-FC51-4A2D-BA2A-BD89B3F01AFF}.Debug|Any CPU.Build.0 = Debug|Any CPU
		{82456A76-FC51-4A2D-BA2A-BD89B3F01AFF}.Debug|x64.ActiveCfg = Debug|Any CPU
		{82456A76-FC51-4A2D-BA2A-BD89B3F01AFF}.Debug|x64.Build.0 = Debug|Any CPU
		{82456A76-FC51-4A2D-BA2A-BD89B3F01AFF}.Debug|x86.ActiveCfg = Debug|Any CPU
		{82456A76-FC51-4A2D-BA2A-BD89B3F01AFF}.Debug|x86.Build.0 = Debug|Any CPU
		{82456A76-FC51-4A2D-BA2A-BD89B3F01AFF}.EasyTest|Any CPU.ActiveCfg = EasyTest|Any CPU
		{82456A76-FC51-4A2D-BA2A-BD89B3F01AFF}.EasyTest|Any CPU.Build.0 = EasyTest|Any CPU
		{82456A76-FC51-4A2D-BA2A-BD89B3F01AFF}.EasyTest|x64.ActiveCfg = EasyTest|Any CPU
		{82456A76-FC51-4A2D-BA2A-BD89B3F01AFF}.EasyTest|x64.Build.0 = EasyTest|Any CPU
		{82456A76-FC51-4A2D-BA2A-BD89B3F01AFF}.EasyTest|x86.ActiveCfg = EasyTest|Any CPU
		{82456A76-FC51-4A2D-BA2A-BD89B3F01AFF}.EasyTest|x86.Build.0 = EasyTest|Any CPU
		{82456A76-FC51-4A2D-BA2A-BD89B3F01AFF}.Release|Any CPU.ActiveCfg = Release|Any CPU
		{82456A76-FC51-4A2D-BA2A-BD89B3F01AFF}.Release|Any CPU.Build.0 = Release|Any CPU
		{82456A76-FC51-4A2D-BA2A-BD89B3F01AFF}.Release|x64.ActiveCfg = Release|Any CPU
		{82456A76-FC51-4A2D-BA2A-BD89B3F01AFF}.Release|x64.Build.0 = Release|Any CPU
		{82456A76-FC51-4A2D-BA2A-BD89B3F01AFF}.Release|x86.ActiveCfg = Release|Any CPU
		{82456A76-FC51-4A2D-BA2A-BD89B3F01AFF}.Release|x86.Build.0 = Release|Any CPU
		{EC3B9A9B-9A5B-4F4C-85B5-8D83E57F0501}.Debug|Any CPU.ActiveCfg = Debug|Any CPU
		{EC3B9A9B-9A5B-4F4C-85B5-8D83E57F0501}.Debug|Any CPU.Build.0 = Debug|Any CPU
		{EC3B9A9B-9A5B-4F4C-85B5-8D83E57F0501}.Debug|x64.ActiveCfg = Debug|Any CPU
		{EC3B9A9B-9A5B-4F4C-85B5-8D83E57F0501}.Debug|x64.Build.0 = Debug|Any CPU
		{EC3B9A9B-9A5B-4F4C-85B5-8D83E57F0501}.Debug|x86.ActiveCfg = Debug|Any CPU
		{EC3B9A9B-9A5B-4F4C-85B5-8D83E57F0501}.Debug|x86.Build.0 = Debug|Any CPU
		{EC3B9A9B-9A5B-4F4C-85B5-8D83E57F0501}.EasyTest|Any CPU.ActiveCfg = Debug|Any CPU
		{EC3B9A9B-9A5B-4F4C-85B5-8D83E57F0501}.EasyTest|Any CPU.Build.0 = Debug|Any CPU
		{EC3B9A9B-9A5B-4F4C-85B5-8D83E57F0501}.EasyTest|x64.ActiveCfg = Debug|Any CPU
		{EC3B9A9B-9A5B-4F4C-85B5-8D83E57F0501}.EasyTest|x64.Build.0 = Debug|Any CPU
		{EC3B9A9B-9A5B-4F4C-85B5-8D83E57F0501}.EasyTest|x86.ActiveCfg = Debug|Any CPU
		{EC3B9A9B-9A5B-4F4C-85B5-8D83E57F0501}.EasyTest|x86.Build.0 = Debug|Any CPU
		{EC3B9A9B-9A5B-4F4C-85B5-8D83E57F0501}.Release|Any CPU.ActiveCfg = Release|Any CPU
		{EC3B9A9B-9A5B-4F4C-85B5-8D83E57F0501}.Release|Any CPU.Build.0 = Release|Any CPU
		{EC3B9A9B-9A5B-4F4C-85B5-8D83E57F0501}.Release|x64.ActiveCfg = Release|Any CPU
		{EC3B9A9B-9A5B-4F4C-85B5-8D83E57F0501}.Release|x64.Build.0 = Release|Any CPU
		{EC3B9A9B-9A5B-4F4C-85B5-8D83E57F0501}.Release|x86.ActiveCfg = Release|Any CPU
		{EC3B9A9B-9A5B-4F4C-85B5-8D83E57F0501}.Release|x86.Build.0 = Release|Any CPU
	EndGlobalSection
	GlobalSection(SolutionProperties) = preSolution
		HideSolutionNode = FALSE
	EndGlobalSection
	GlobalSection(ExtensibilityGlobals) = postSolution
		SolutionGuid = {71B689A1-6A38-4900-AC01-3C405A3F7035}
	EndGlobalSection
EndGlobal
